// !$*UTF8*$!
{
	archiveVersion = 1;
	classes = {
	};
	objectVersion = 56;
	objects = {

/* Begin PBXBuildFile section */
		E16AEE2528EC5F2700FE048E /* TabBarController.swift in Sources */ = {isa = PBXBuildFile; fileRef = E16AEE2428EC5F2700FE048E /* TabBarController.swift */; };
		E16AEE2928EC619100FE048E /* Resourses.swift in Sources */ = {isa = PBXBuildFile; fileRef = E16AEE2828EC619100FE048E /* Resourses.swift */; };
		E182ED7D28EC5B19008E3644 /* AppDelegate.swift in Sources */ = {isa = PBXBuildFile; fileRef = E182ED7C28EC5B19008E3644 /* AppDelegate.swift */; };
		E182ED7F28EC5B19008E3644 /* SceneDelegate.swift in Sources */ = {isa = PBXBuildFile; fileRef = E182ED7E28EC5B19008E3644 /* SceneDelegate.swift */; };
		E182ED8128EC5B19008E3644 /* ViewController.swift in Sources */ = {isa = PBXBuildFile; fileRef = E182ED8028EC5B19008E3644 /* ViewController.swift */; };
		E182ED8628EC5B1A008E3644 /* Assets.xcassets in Resources */ = {isa = PBXBuildFile; fileRef = E182ED8528EC5B1A008E3644 /* Assets.xcassets */; };
		E182ED8928EC5B1A008E3644 /* LaunchScreen.storyboard in Resources */ = {isa = PBXBuildFile; fileRef = E182ED8728EC5B1A008E3644 /* LaunchScreen.storyboard */; };
/* End PBXBuildFile section */

/* Begin PBXFileReference section */
		E16AEE2428EC5F2700FE048E /* TabBarController.swift */ = {isa = PBXFileReference; lastKnownFileType = sourcecode.swift; path = TabBarController.swift; sourceTree = "<group>"; };
		E16AEE2828EC619100FE048E /* Resourses.swift */ = {isa = PBXFileReference; lastKnownFileType = sourcecode.swift; path = Resourses.swift; sourceTree = "<group>"; };
		E182ED7928EC5B19008E3644 /* MamkinBartender.app */ = {isa = PBXFileReference; explicitFileType = wrapper.application; includeInIndex = 0; path = MamkinBartender.app; sourceTree = BUILT_PRODUCTS_DIR; };
		E182ED7C28EC5B19008E3644 /* AppDelegate.swift */ = {isa = PBXFileReference; lastKnownFileType = sourcecode.swift; path = AppDelegate.swift; sourceTree = "<group>"; };
		E182ED7E28EC5B19008E3644 /* SceneDelegate.swift */ = {isa = PBXFileReference; lastKnownFileType = sourcecode.swift; path = SceneDelegate.swift; sourceTree = "<group>"; };
		E182ED8028EC5B19008E3644 /* ViewController.swift */ = {isa = PBXFileReference; lastKnownFileType = sourcecode.swift; path = ViewController.swift; sourceTree = "<group>"; };
		E182ED8528EC5B1A008E3644 /* Assets.xcassets */ = {isa = PBXFileReference; lastKnownFileType = folder.assetcatalog; path = Assets.xcassets; sourceTree = "<group>"; };
		E182ED8828EC5B1A008E3644 /* Base */ = {isa = PBXFileReference; lastKnownFileType = file.storyboard; name = Base; path = Base.lproj/LaunchScreen.storyboard; sourceTree = "<group>"; };
		E182ED8A28EC5B1A008E3644 /* Info.plist */ = {isa = PBXFileReference; lastKnownFileType = text.plist.xml; path = Info.plist; sourceTree = "<group>"; };
/* End PBXFileReference section */

/* Begin PBXFrameworksBuildPhase section */
		E182ED7628EC5B19008E3644 /* Frameworks */ = {
			isa = PBXFrameworksBuildPhase;
			buildActionMask = 2147483647;
			files = (
			);
			runOnlyForDeploymentPostprocessing = 0;
		};
/* End PBXFrameworksBuildPhase section */

/* Begin PBXGroup section */
		E16AEE2228EC5CFA00FE048E /* Application */ = {
			isa = PBXGroup;
			children = (
				E182ED7C28EC5B19008E3644 /* AppDelegate.swift */,
				E182ED7E28EC5B19008E3644 /* SceneDelegate.swift */,
			);
			path = Application;
			sourceTree = "<group>";
		};
		E16AEE2328EC5D1800FE048E /* SupportingFiles */ = {
			isa = PBXGroup;
			children = (
				E182ED8528EC5B1A008E3644 /* Assets.xcassets */,
				E182ED8728EC5B1A008E3644 /* LaunchScreen.storyboard */,
				E182ED8A28EC5B1A008E3644 /* Info.plist */,
			);
			path = SupportingFiles;
			sourceTree = "<group>";
		};
		E16AEE2628EC616100FE048E /* Helpers */ = {
			isa = PBXGroup;
			children = (
				E16AEE2828EC619100FE048E /* Resourses.swift */,
			);
			path = Helpers;
			sourceTree = "<group>";
		};
		E182ED7028EC5B19008E3644 = {
			isa = PBXGroup;
			children = (
				E182ED7B28EC5B19008E3644 /* MamkinBartender */,
				E182ED7A28EC5B19008E3644 /* Products */,
			);
			sourceTree = "<group>";
		};
		E182ED7A28EC5B19008E3644 /* Products */ = {
			isa = PBXGroup;
			children = (
				E182ED7928EC5B19008E3644 /* MamkinBartender.app */,
			);
			name = Products;
			sourceTree = "<group>";
		};
		E182ED7B28EC5B19008E3644 /* MamkinBartender */ = {
			isa = PBXGroup;
			children = (
				E16AEE2628EC616100FE048E /* Helpers */,
				E16AEE2228EC5CFA00FE048E /* Application */,
				E16AEE2328EC5D1800FE048E /* SupportingFiles */,
				E182ED8028EC5B19008E3644 /* ViewController.swift */,
				E16AEE2428EC5F2700FE048E /* TabBarController.swift */,
			);
			path = MamkinBartender;
			sourceTree = "<group>";
		};
/* End PBXGroup section */

/* Begin PBXNativeTarget section */
		E182ED7828EC5B19008E3644 /* MamkinBartender */ = {
			isa = PBXNativeTarget;
			buildConfigurationList = E182ED8D28EC5B1A008E3644 /* Build configuration list for PBXNativeTarget "MamkinBartender" */;
			buildPhases = (
				E182ED7528EC5B19008E3644 /* Sources */,
				E182ED7628EC5B19008E3644 /* Frameworks */,
				E182ED7728EC5B19008E3644 /* Resources */,
			);
			buildRules = (
			);
			dependencies = (
			);
			name = MamkinBartender;
			productName = MamkinBartender;
			productReference = E182ED7928EC5B19008E3644 /* MamkinBartender.app */;
			productType = "com.apple.product-type.application";
		};
/* End PBXNativeTarget section */

/* Begin PBXProject section */
		E182ED7128EC5B19008E3644 /* Project object */ = {
			isa = PBXProject;
			attributes = {
				BuildIndependentTargetsInParallel = 1;
				LastSwiftUpdateCheck = 1400;
				LastUpgradeCheck = 1400;
				TargetAttributes = {
					E182ED7828EC5B19008E3644 = {
						CreatedOnToolsVersion = 14.0;
					};
				};
			};
			buildConfigurationList = E182ED7428EC5B19008E3644 /* Build configuration list for PBXProject "MamkinBartender" */;
			compatibilityVersion = "Xcode 14.0";
			developmentRegion = en;
			hasScannedForEncodings = 0;
			knownRegions = (
				en,
				Base,
			);
			mainGroup = E182ED7028EC5B19008E3644;
			productRefGroup = E182ED7A28EC5B19008E3644 /* Products */;
			projectDirPath = "";
			projectRoot = "";
			targets = (
				E182ED7828EC5B19008E3644 /* MamkinBartender */,
			);
		};
/* End PBXProject section */

/* Begin PBXResourcesBuildPhase section */
		E182ED7728EC5B19008E3644 /* Resources */ = {
			isa = PBXResourcesBuildPhase;
			buildActionMask = 2147483647;
			files = (
				E182ED8928EC5B1A008E3644 /* LaunchScreen.storyboard in Resources */,
				E182ED8628EC5B1A008E3644 /* Assets.xcassets in Resources */,
			);
			runOnlyForDeploymentPostprocessing = 0;
		};
/* End PBXResourcesBuildPhase section */

/* Begin PBXSourcesBuildPhase section */
		E182ED7528EC5B19008E3644 /* Sources */ = {
			isa = PBXSourcesBuildPhase;
			buildActionMask = 2147483647;
			files = (
				E182ED8128EC5B19008E3644 /* ViewController.swift in Sources */,
				E16AEE2528EC5F2700FE048E /* TabBarController.swift in Sources */,
				E182ED7D28EC5B19008E3644 /* AppDelegate.swift in Sources */,
				E16AEE2928EC619100FE048E /* Resourses.swift in Sources */,
				E182ED7F28EC5B19008E3644 /* SceneDelegate.swift in Sources */,
			);
			runOnlyForDeploymentPostprocessing = 0;
		};
/* End PBXSourcesBuildPhase section */

/* Begin PBXVariantGroup section */
		E182ED8728EC5B1A008E3644 /* LaunchScreen.storyboard */ = {
			isa = PBXVariantGroup;
			children = (
				E182ED8828EC5B1A008E3644 /* Base */,
			);
			name = LaunchScreen.storyboard;
			sourceTree = "<group>";
		};
/* End PBXVariantGroup section */

/* Begin XCBuildConfiguration section */
		E182ED8B28EC5B1A008E3644 /* Debug */ = {
			isa = XCBuildConfiguration;
			buildSettings = {
				ALWAYS_SEARCH_USER_PATHS = NO;
				CLANG_ANALYZER_NONNULL = YES;
				CLANG_ANALYZER_NUMBER_OBJECT_CONVERSION = YES_AGGRESSIVE;
				CLANG_CXX_LANGUAGE_STANDARD = "gnu++20";
				CLANG_ENABLE_MODULES = YES;
				CLANG_ENABLE_OBJC_ARC = YES;
				CLANG_ENABLE_OBJC_WEAK = YES;
				CLANG_WARN_BLOCK_CAPTURE_AUTORELEASING = YES;
				CLANG_WARN_BOOL_CONVERSION = YES;
				CLANG_WARN_COMMA = YES;
				CLANG_WARN_CONSTANT_CONVERSION = YES;
				CLANG_WARN_DEPRECATED_OBJC_IMPLEMENTATIONS = YES;
				CLANG_WARN_DIRECT_OBJC_ISA_USAGE = YES_ERROR;
				CLANG_WARN_DOCUMENTATION_COMMENTS = YES;
				CLANG_WARN_EMPTY_BODY = YES;
				CLANG_WARN_ENUM_CONVERSION = YES;
				CLANG_WARN_INFINITE_RECURSION = YES;
				CLANG_WARN_INT_CONVERSION = YES;
				CLANG_WARN_NON_LITERAL_NULL_CONVERSION = YES;
				CLANG_WARN_OBJC_IMPLICIT_RETAIN_SELF = YES;
				CLANG_WARN_OBJC_LITERAL_CONVERSION = YES;
				CLANG_WARN_OBJC_ROOT_CLASS = YES_ERROR;
				CLANG_WARN_QUOTED_INCLUDE_IN_FRAMEWORK_HEADER = YES;
				CLANG_WARN_RANGE_LOOP_ANALYSIS = YES;
				CLANG_WARN_STRICT_PROTOTYPES = YES;
				CLANG_WARN_SUSPICIOUS_MOVE = YES;
				CLANG_WARN_UNGUARDED_AVAILABILITY = YES_AGGRESSIVE;
				CLANG_WARN_UNREACHABLE_CODE = YES;
				CLANG_WARN__DUPLICATE_METHOD_MATCH = YES;
				COPY_PHASE_STRIP = NO;
				DEBUG_INFORMATION_FORMAT = dwarf;
				ENABLE_STRICT_OBJC_MSGSEND = YES;
				ENABLE_TESTABILITY = YES;
				GCC_C_LANGUAGE_STANDARD = gnu11;
				GCC_DYNAMIC_NO_PIC = NO;
				GCC_NO_COMMON_BLOCKS = YES;
				GCC_OPTIMIZATION_LEVEL = 0;
				GCC_PREPROCESSOR_DEFINITIONS = (
					"DEBUG=1",
					"$(inherited)",
				);
				GCC_WARN_64_TO_32_BIT_CONVERSION = YES;
				GCC_WARN_ABOUT_RETURN_TYPE = YES_ERROR;
				GCC_WARN_UNDECLARED_SELECTOR = YES;
				GCC_WARN_UNINITIALIZED_AUTOS = YES_AGGRESSIVE;
				GCC_WARN_UNUSED_FUNCTION = YES;
				GCC_WARN_UNUSED_VARIABLE = YES;
				IPHONEOS_DEPLOYMENT_TARGET = 16.0;
				MTL_ENABLE_DEBUG_INFO = INCLUDE_SOURCE;
				MTL_FAST_MATH = YES;
				ONLY_ACTIVE_ARCH = YES;
				SDKROOT = iphoneos;
				SWIFT_ACTIVE_COMPILATION_CONDITIONS = DEBUG;
				SWIFT_OPTIMIZATION_LEVEL = "-Onone";
			};
			name = Debug;
		};
		E182ED8C28EC5B1A008E3644 /* Release */ = {
			isa = XCBuildConfiguration;
			buildSettings = {
				ALWAYS_SEARCH_USER_PATHS = NO;
				CLANG_ANALYZER_NONNULL = YES;
				CLANG_ANALYZER_NUMBER_OBJECT_CONVERSION = YES_AGGRESSIVE;
				CLANG_CXX_LANGUAGE_STANDARD = "gnu++20";
				CLANG_ENABLE_MODULES = YES;
				CLANG_ENABLE_OBJC_ARC = YES;
				CLANG_ENABLE_OBJC_WEAK = YES;
				CLANG_WARN_BLOCK_CAPTURE_AUTORELEASING = YES;
				CLANG_WARN_BOOL_CONVERSION = YES;
				CLANG_WARN_COMMA = YES;
				CLANG_WARN_CONSTANT_CONVERSION = YES;
				CLANG_WARN_DEPRECATED_OBJC_IMPLEMENTATIONS = YES;
				CLANG_WARN_DIRECT_OBJC_ISA_USAGE = YES_ERROR;
				CLANG_WARN_DOCUMENTATION_COMMENTS = YES;
				CLANG_WARN_EMPTY_BODY = YES;
				CLANG_WARN_ENUM_CONVERSION = YES;
				CLANG_WARN_INFINITE_RECURSION = YES;
				CLANG_WARN_INT_CONVERSION = YES;
				CLANG_WARN_NON_LITERAL_NULL_CONVERSION = YES;
				CLANG_WARN_OBJC_IMPLICIT_RETAIN_SELF = YES;
				CLANG_WARN_OBJC_LITERAL_CONVERSION = YES;
				CLANG_WARN_OBJC_ROOT_CLASS = YES_ERROR;
				CLANG_WARN_QUOTED_INCLUDE_IN_FRAMEWORK_HEADER = YES;
				CLANG_WARN_RANGE_LOOP_ANALYSIS = YES;
				CLANG_WARN_STRICT_PROTOTYPES = YES;
				CLANG_WARN_SUSPICIOUS_MOVE = YES;
				CLANG_WARN_UNGUARDED_AVAILABILITY = YES_AGGRESSIVE;
				CLANG_WARN_UNREACHABLE_CODE = YES;
				CLANG_WARN__DUPLICATE_METHOD_MATCH = YES;
				COPY_PHASE_STRIP = NO;
				DEBUG_INFORMATION_FORMAT = "dwarf-with-dsym";
				ENABLE_NS_ASSERTIONS = NO;
				ENABLE_STRICT_OBJC_MSGSEND = YES;
				GCC_C_LANGUAGE_STANDARD = gnu11;
				GCC_NO_COMMON_BLOCKS = YES;
				GCC_WARN_64_TO_32_BIT_CONVERSION = YES;
				GCC_WARN_ABOUT_RETURN_TYPE = YES_ERROR;
				GCC_WARN_UNDECLARED_SELECTOR = YES;
				GCC_WARN_UNINITIALIZED_AUTOS = YES_AGGRESSIVE;
				GCC_WARN_UNUSED_FUNCTION = YES;
				GCC_WARN_UNUSED_VARIABLE = YES;
				IPHONEOS_DEPLOYMENT_TARGET = 16.0;
				MTL_ENABLE_DEBUG_INFO = NO;
				MTL_FAST_MATH = YES;
				SDKROOT = iphoneos;
				SWIFT_COMPILATION_MODE = wholemodule;
				SWIFT_OPTIMIZATION_LEVEL = "-O";
				VALIDATE_PRODUCT = YES;
			};
			name = Release;
		};
		E182ED8E28EC5B1A008E3644 /* Debug */ = {
			isa = XCBuildConfiguration;
			buildSettings = {
				ASSETCATALOG_COMPILER_APPICON_NAME = AppIcon;
				ASSETCATALOG_COMPILER_GLOBAL_ACCENT_COLOR_NAME = AccentColor;
				CODE_SIGN_STYLE = Automatic;
				CURRENT_PROJECT_VERSION = 1;
				DEVELOPMENT_TEAM = 5NQA2SB839;
				GENERATE_INFOPLIST_FILE = YES;
				INFOPLIST_FILE = MamkinBartender/SupportingFiles/Info.plist;
				INFOPLIST_KEY_UIApplicationSupportsIndirectInputEvents = YES;
				INFOPLIST_KEY_UILaunchStoryboardName = LaunchScreen;
				INFOPLIST_KEY_UIMainStoryboardFile = "";
				INFOPLIST_KEY_UISupportedInterfaceOrientations = UIInterfaceOrientationPortrait;
				IPHONEOS_DEPLOYMENT_TARGET = 13.0;
				LD_RUNPATH_SEARCH_PATHS = (
					"$(inherited)",
					"@executable_path/Frameworks",
				);
				MARKETING_VERSION = 1.0;
				PRODUCT_BUNDLE_IDENTIFIER = "-23.MamkinBartender";
				PRODUCT_NAME = "$(TARGET_NAME)";
				SUPPORTED_PLATFORMS = "iphoneos iphonesimulator";
				SUPPORTS_MACCATALYST = NO;
				SUPPORTS_MAC_DESIGNED_FOR_IPHONE_IPAD = NO;
				SWIFT_EMIT_LOC_STRINGS = YES;
				SWIFT_VERSION = 5.0;
				TARGETED_DEVICE_FAMILY = 1;
			};
			name = Debug;
		};
		E182ED8F28EC5B1A008E3644 /* Release */ = {
			isa = XCBuildConfiguration;
			buildSettings = {
				ASSETCATALOG_COMPILER_APPICON_NAME = AppIcon;
				ASSETCATALOG_COMPILER_GLOBAL_ACCENT_COLOR_NAME = AccentColor;
				CODE_SIGN_STYLE = Automatic;
				CURRENT_PROJECT_VERSION = 1;
				DEVELOPMENT_TEAM = 5NQA2SB839;
				GENERATE_INFOPLIST_FILE = YES;
				INFOPLIST_FILE = MamkinBartender/SupportingFiles/Info.plist;
				INFOPLIST_KEY_UIApplicationSupportsIndirectInputEvents = YES;
				INFOPLIST_KEY_UILaunchStoryboardName = LaunchScreen;
				INFOPLIST_KEY_UIMainStoryboardFile = "";
				INFOPLIST_KEY_UISupportedInterfaceOrientations = UIInterfaceOrientationPortrait;
				IPHONEOS_DEPLOYMENT_TARGET = 13.0;
				LD_RUNPATH_SEARCH_PATHS = (
					"$(inherited)",
					"@executable_path/Frameworks",
				);
				MARKETING_VERSION = 1.0;
				PRODUCT_BUNDLE_IDENTIFIER = "-23.MamkinBartender";
				PRODUCT_NAME = "$(TARGET_NAME)";
				SUPPORTED_PLATFORMS = "iphoneos iphonesimulator";
				SUPPORTS_MACCATALYST = NO;
				SUPPORTS_MAC_DESIGNED_FOR_IPHONE_IPAD = NO;
				SWIFT_EMIT_LOC_STRINGS = YES;
				SWIFT_VERSION = 5.0;
				TARGETED_DEVICE_FAMILY = 1;
			};
			name = Release;
		};
/* End XCBuildConfiguration section */

/* Begin XCConfigurationList section */
		E182ED7428EC5B19008E3644 /* Build configuration list for PBXProject "MamkinBartender" */ = {
			isa = XCConfigurationList;
			buildConfigurations = (
				E182ED8B28EC5B1A008E3644 /* Debug */,
				E182ED8C28EC5B1A008E3644 /* Release */,
			);
			defaultConfigurationIsVisible = 0;
			defaultConfigurationName = Release;
		};
		E182ED8D28EC5B1A008E3644 /* Build configuration list for PBXNativeTarget "MamkinBartender" */ = {
			isa = XCConfigurationList;
			buildConfigurations = (
				E182ED8E28EC5B1A008E3644 /* Debug */,
				E182ED8F28EC5B1A008E3644 /* Release */,
			);
			defaultConfigurationIsVisible = 0;
			defaultConfigurationName = Release;
		};
/* End XCConfigurationList section */
	};
	rootObject = E182ED7128EC5B19008E3644 /* Project object */;
}
